
Microsoft Visual Studio Solution File, Format Version 12.00
# Visual Studio Version 16
VisualStudioVersion = 16.0.30011.22
MinimumVisualStudioVersion = 10.0.40219.1
Project("{FAE04EC0-301F-11D3-BF4B-00C04F79EFBC}") = "ComunidadDePracticaMVC", "ComunidadDePracticaMVC\ComunidadDePracticaMVC.csproj", "{86C4DCA6-7472-4D8A-8990-74167E1B5B8B}"
EndProject
Global
	GlobalSection(SolutionConfigurationPlatforms) = preSolution
		Debug|Any CPU = Debug|Any CPU
		Release|Any CPU = Release|Any CPU
	EndGlobalSection
	GlobalSection(ProjectConfigurationPlatforms) = postSolution
		{86C4DCA6-7472-4D8A-8990-74167E1B5B8B}.Debug|Any CPU.ActiveCfg = Debug|Any CPU
		{86C4DCA6-7472-4D8A-8990-74167E1B5B8B}.Debug|Any CPU.Build.0 = Debug|Any CPU
		{86C4DCA6-7472-4D8A-8990-74167E1B5B8B}.Release|Any CPU.ActiveCfg = Release|Any CPU
		{86C4DCA6-7472-4D8A-8990-74167E1B5B8B}.Release|Any CPU.Build.0 = Release|Any CPU
	EndGlobalSection
	GlobalSection(SolutionProperties) = preSolution
		HideSolutionNode = FALSE
	EndGlobalSection
	GlobalSection(ExtensibilityGlobals) = postSolution
		SolutionGuid = {ED94692B-0D98-4661-8BE7-E52DB73F1050}
	EndGlobalSection
EndGlobal
